// !$*UTF8*$!
{
	archiveVersion = 1;
	classes = {
	};
	objectVersion = 50;
	objects = {

/* Begin PBXBuildFile section */
		3E5694452AFFBD3F005F962D /* MovieInfoCell.swift in Sources */ = {isa = PBXBuildFile; fileRef = 3E5694442AFFBD3F005F962D /* MovieInfoCell.swift */; };
		3E5694482AFFBDBF005F962D /* MovieDetailViewController.swift in Sources */ = {isa = PBXBuildFile; fileRef = 3E5694472AFFBDBF005F962D /* MovieDetailViewController.swift */; };
		3E56944C2AFFBE20005F962D /* MovieCollection.swift in Sources */ = {isa = PBXBuildFile; fileRef = 3E56944B2AFFBE20005F962D /* MovieCollection.swift */; };
		3E5E7E852B016D6400936518 /* MoviesManager.swift in Sources */ = {isa = PBXBuildFile; fileRef = 3E5E7E842B016D6400936518 /* MoviesManager.swift */; };
		3E62117D2AFEB80C00E80BD3 /* AppDelegate.swift in Sources */ = {isa = PBXBuildFile; fileRef = 3E62117C2AFEB80C00E80BD3 /* AppDelegate.swift */; };
		3E62117F2AFEB80C00E80BD3 /* SceneDelegate.swift in Sources */ = {isa = PBXBuildFile; fileRef = 3E62117E2AFEB80C00E80BD3 /* SceneDelegate.swift */; };
		3E6211812AFEB80C00E80BD3 /* ViewController.swift in Sources */ = {isa = PBXBuildFile; fileRef = 3E6211802AFEB80C00E80BD3 /* ViewController.swift */; };
		3E6211862AFEB81600E80BD3 /* Assets.xcassets in Resources */ = {isa = PBXBuildFile; fileRef = 3E6211852AFEB81600E80BD3 /* Assets.xcassets */; };
		3E6211892AFEB81600E80BD3 /* LaunchScreen.storyboard in Resources */ = {isa = PBXBuildFile; fileRef = 3E6211872AFEB81600E80BD3 /* LaunchScreen.storyboard */; };
/* End PBXBuildFile section */

/* Begin PBXFileReference section */
		3E5694442AFFBD3F005F962D /* MovieInfoCell.swift */ = {isa = PBXFileReference; lastKnownFileType = sourcecode.swift; path = MovieInfoCell.swift; sourceTree = "<group>"; };
		3E5694472AFFBDBF005F962D /* MovieDetailViewController.swift */ = {isa = PBXFileReference; lastKnownFileType = sourcecode.swift; path = MovieDetailViewController.swift; sourceTree = "<group>"; };
		3E56944B2AFFBE20005F962D /* MovieCollection.swift */ = {isa = PBXFileReference; lastKnownFileType = sourcecode.swift; path = MovieCollection.swift; sourceTree = "<group>"; };
		3E5E7E842B016D6400936518 /* MoviesManager.swift */ = {isa = PBXFileReference; lastKnownFileType = sourcecode.swift; path = MoviesManager.swift; sourceTree = "<group>"; };
		3E6211792AFEB80C00E80BD3 /* MoviesAPI.app */ = {isa = PBXFileReference; explicitFileType = wrapper.application; includeInIndex = 0; path = MoviesAPI.app; sourceTree = BUILT_PRODUCTS_DIR; };
		3E62117C2AFEB80C00E80BD3 /* AppDelegate.swift */ = {isa = PBXFileReference; lastKnownFileType = sourcecode.swift; path = AppDelegate.swift; sourceTree = "<group>"; };
		3E62117E2AFEB80C00E80BD3 /* SceneDelegate.swift */ = {isa = PBXFileReference; lastKnownFileType = sourcecode.swift; path = SceneDelegate.swift; sourceTree = "<group>"; };
		3E6211802AFEB80C00E80BD3 /* ViewController.swift */ = {isa = PBXFileReference; lastKnownFileType = sourcecode.swift; path = ViewController.swift; sourceTree = "<group>"; };
		3E6211852AFEB81600E80BD3 /* Assets.xcassets */ = {isa = PBXFileReference; lastKnownFileType = folder.assetcatalog; path = Assets.xcassets; sourceTree = "<group>"; };
		3E6211882AFEB81600E80BD3 /* Base */ = {isa = PBXFileReference; lastKnownFileType = file.storyboard; name = Base; path = Base.lproj/LaunchScreen.storyboard; sourceTree = "<group>"; };
		3E62118A2AFEB81600E80BD3 /* Info.plist */ = {isa = PBXFileReference; lastKnownFileType = text.plist.xml; path = Info.plist; sourceTree = "<group>"; };
/* End PBXFileReference section */

/* Begin PBXFrameworksBuildPhase section */
		3E6211762AFEB80C00E80BD3 /* Frameworks */ = {
			isa = PBXFrameworksBuildPhase;
			buildActionMask = 2147483647;
			files = (
			);
			runOnlyForDeploymentPostprocessing = 0;
		};
/* End PBXFrameworksBuildPhase section */

/* Begin PBXGroup section */
		3E56FF582B0A231900528D9A /* App */ = {
			isa = PBXGroup;
			children = (
				3E62117C2AFEB80C00E80BD3 /* AppDelegate.swift */,
				3E62117E2AFEB80C00E80BD3 /* SceneDelegate.swift */,
			);
			path = App;
			sourceTree = "<group>";
		};
		3E56FF592B0A233D00528D9A /* Scenes */ = {
			isa = PBXGroup;
			children = (
				3E6211802AFEB80C00E80BD3 /* ViewController.swift */,
				3E5694442AFFBD3F005F962D /* MovieInfoCell.swift */,
				3E5694472AFFBDBF005F962D /* MovieDetailViewController.swift */,
			);
			path = Scenes;
			sourceTree = "<group>";
		};
		3E56FF5A2B0A236200528D9A /* Network Managing */ = {
			isa = PBXGroup;
			children = (
				3E56944B2AFFBE20005F962D /* MovieCollection.swift */,
				3E5E7E842B016D6400936518 /* MoviesManager.swift */,
			);
			path = "Network Managing";
			sourceTree = "<group>";
		};
		3E56FF5B2B0A239F00528D9A /* Other */ = {
			isa = PBXGroup;
			children = (
				3E6211852AFEB81600E80BD3 /* Assets.xcassets */,
				3E6211872AFEB81600E80BD3 /* LaunchScreen.storyboard */,
			);
			path = Other;
			sourceTree = "<group>";
		};
		3E6211702AFEB80C00E80BD3 = {
			isa = PBXGroup;
			children = (
				3E62117B2AFEB80C00E80BD3 /* MoviesAPI */,
				3E62117A2AFEB80C00E80BD3 /* Products */,
			);
			sourceTree = "<group>";
		};
		3E62117A2AFEB80C00E80BD3 /* Products */ = {
			isa = PBXGroup;
			children = (
				3E6211792AFEB80C00E80BD3 /* MoviesAPI.app */,
			);
			name = Products;
			sourceTree = "<group>";
		};
		3E62117B2AFEB80C00E80BD3 /* MoviesAPI */ = {
			isa = PBXGroup;
			children = (
				3E62118A2AFEB81600E80BD3 /* Info.plist */,
				3E56FF582B0A231900528D9A /* App */,
				3E56FF592B0A233D00528D9A /* Scenes */,
				3E56FF5A2B0A236200528D9A /* Network Managing */,
				3E56FF5B2B0A239F00528D9A /* Other */,
			);
			path = MoviesAPI;
			sourceTree = "<group>";
		};
/* End PBXGroup section */

/* Begin PBXNativeTarget section */
		3E6211782AFEB80C00E80BD3 /* MoviesAPI */ = {
			isa = PBXNativeTarget;
			buildConfigurationList = 3E62118D2AFEB81600E80BD3 /* Build configuration list for PBXNativeTarget "MoviesAPI" */;
			buildPhases = (
				3E6211752AFEB80C00E80BD3 /* Sources */,
				3E6211762AFEB80C00E80BD3 /* Frameworks */,
				3E6211772AFEB80C00E80BD3 /* Resources */,
			);
			buildRules = (
			);
			dependencies = (
			);
			name = MoviesAPI;
			productName = MoviesAPI;
			productReference = 3E6211792AFEB80C00E80BD3 /* MoviesAPI.app */;
			productType = "com.apple.product-type.application";
		};
/* End PBXNativeTarget section */

/* Begin PBXProject section */
		3E6211712AFEB80C00E80BD3 /* Project object */ = {
			isa = PBXProject;
			attributes = {
				LastSwiftUpdateCheck = 1240;
				LastUpgradeCheck = 1240;
				TargetAttributes = {
					3E6211782AFEB80C00E80BD3 = {
						CreatedOnToolsVersion = 12.4;
					};
				};
			};
			buildConfigurationList = 3E6211742AFEB80C00E80BD3 /* Build configuration list for PBXProject "MoviesAPI" */;
			compatibilityVersion = "Xcode 9.3";
			developmentRegion = en;
			hasScannedForEncodings = 0;
			knownRegions = (
				en,
				Base,
			);
			mainGroup = 3E6211702AFEB80C00E80BD3;
			productRefGroup = 3E62117A2AFEB80C00E80BD3 /* Products */;
			projectDirPath = "";
			projectRoot = "";
			targets = (
				3E6211782AFEB80C00E80BD3 /* MoviesAPI */,
			);
		};
/* End PBXProject section */

/* Begin PBXResourcesBuildPhase section */
		3E6211772AFEB80C00E80BD3 /* Resources */ = {
			isa = PBXResourcesBuildPhase;
			buildActionMask = 2147483647;
			files = (
				3E6211892AFEB81600E80BD3 /* LaunchScreen.storyboard in Resources */,
				3E6211862AFEB81600E80BD3 /* Assets.xcassets in Resources */,
			);
			runOnlyForDeploymentPostprocessing = 0;
		};
/* End PBXResourcesBuildPhase section */

/* Begin PBXSourcesBuildPhase section */
		3E6211752AFEB80C00E80BD3 /* Sources */ = {
			isa = PBXSourcesBuildPhase;
			buildActionMask = 2147483647;
			files = (
				3E6211812AFEB80C00E80BD3 /* ViewController.swift in Sources */,
				3E62117D2AFEB80C00E80BD3 /* AppDelegate.swift in Sources */,
				3E5694452AFFBD3F005F962D /* MovieInfoCell.swift in Sources */,
				3E62117F2AFEB80C00E80BD3 /* SceneDelegate.swift in Sources */,
				3E5694482AFFBDBF005F962D /* MovieDetailViewController.swift in Sources */,
				3E56944C2AFFBE20005F962D /* MovieCollection.swift in Sources */,
				3E5E7E852B016D6400936518 /* MoviesManager.swift in Sources */,
			);
			runOnlyForDeploymentPostprocessing = 0;
		};
/* End PBXSourcesBuildPhase section */

/* Begin PBXVariantGroup section */
		3E6211872AFEB81600E80BD3 /* LaunchScreen.storyboard */ = {
			isa = PBXVariantGroup;
			children = (
				3E6211882AFEB81600E80BD3 /* Base */,
			);
			name = LaunchScreen.storyboard;
			sourceTree = "<group>";
		};
/* End PBXVariantGroup section */

/* Begin XCBuildConfiguration section */
		3E62118B2AFEB81600E80BD3 /* Debug */ = {
			isa = XCBuildConfiguration;
			buildSettings = {
				ALWAYS_SEARCH_USER_PATHS = NO;
				CLANG_ANALYZER_NONNULL = YES;
				CLANG_ANALYZER_NUMBER_OBJECT_CONVERSION = YES_AGGRESSIVE;
				CLANG_CXX_LANGUAGE_STANDARD = "gnu++14";
				CLANG_CXX_LIBRARY = "libc++";
				CLANG_ENABLE_MODULES = YES;
				CLANG_ENABLE_OBJC_ARC = YES;
				CLANG_ENABLE_OBJC_WEAK = YES;
				CLANG_WARN_BLOCK_CAPTURE_AUTORELEASING = YES;
				CLANG_WARN_BOOL_CONVERSION = YES;
				CLANG_WARN_COMMA = YES;
				CLANG_WARN_CONSTANT_CONVERSION = YES;
				CLANG_WARN_DEPRECATED_OBJC_IMPLEMENTATIONS = YES;
				CLANG_WARN_DIRECT_OBJC_ISA_USAGE = YES_ERROR;
				CLANG_WARN_DOCUMENTATION_COMMENTS = YES;
				CLANG_WARN_EMPTY_BODY = YES;
				CLANG_WARN_ENUM_CONVERSION = YES;
				CLANG_WARN_INFINITE_RECURSION = YES;
				CLANG_WARN_INT_CONVERSION = YES;
				CLANG_WARN_NON_LITERAL_NULL_CONVERSION = YES;
				CLANG_WARN_OBJC_IMPLICIT_RETAIN_SELF = YES;
				CLANG_WARN_OBJC_LITERAL_CONVERSION = YES;
				CLANG_WARN_OBJC_ROOT_CLASS = YES_ERROR;
				CLANG_WARN_QUOTED_INCLUDE_IN_FRAMEWORK_HEADER = YES;
				CLANG_WARN_RANGE_LOOP_ANALYSIS = YES;
				CLANG_WARN_STRICT_PROTOTYPES = YES;
				CLANG_WARN_SUSPICIOUS_MOVE = YES;
				CLANG_WARN_UNGUARDED_AVAILABILITY = YES_AGGRESSIVE;
				CLANG_WARN_UNREACHABLE_CODE = YES;
				CLANG_WARN__DUPLICATE_METHOD_MATCH = YES;
				COPY_PHASE_STRIP = NO;
				DEBUG_INFORMATION_FORMAT = dwarf;
				ENABLE_STRICT_OBJC_MSGSEND = YES;
				ENABLE_TESTABILITY = YES;
				GCC_C_LANGUAGE_STANDARD = gnu11;
				GCC_DYNAMIC_NO_PIC = NO;
				GCC_NO_COMMON_BLOCKS = YES;
				GCC_OPTIMIZATION_LEVEL = 0;
				GCC_PREPROCESSOR_DEFINITIONS = (
					"DEBUG=1",
					"$(inherited)",
				);
				GCC_WARN_64_TO_32_BIT_CONVERSION = YES;
				GCC_WARN_ABOUT_RETURN_TYPE = YES_ERROR;
				GCC_WARN_UNDECLARED_SELECTOR = YES;
				GCC_WARN_UNINITIALIZED_AUTOS = YES_AGGRESSIVE;
				GCC_WARN_UNUSED_FUNCTION = YES;
				GCC_WARN_UNUSED_VARIABLE = YES;
				IPHONEOS_DEPLOYMENT_TARGET = 14.4;
				MTL_ENABLE_DEBUG_INFO = INCLUDE_SOURCE;
				MTL_FAST_MATH = YES;
				ONLY_ACTIVE_ARCH = YES;
				SDKROOT = iphoneos;
				SWIFT_ACTIVE_COMPILATION_CONDITIONS = DEBUG;
				SWIFT_OPTIMIZATION_LEVEL = "-Onone";
			};
			name = Debug;
		};
		3E62118C2AFEB81600E80BD3 /* Release */ = {
			isa = XCBuildConfiguration;
			buildSettings = {
				ALWAYS_SEARCH_USER_PATHS = NO;
				CLANG_ANALYZER_NONNULL = YES;
				CLANG_ANALYZER_NUMBER_OBJECT_CONVERSION = YES_AGGRESSIVE;
				CLANG_CXX_LANGUAGE_STANDARD = "gnu++14";
				CLANG_CXX_LIBRARY = "libc++";
				CLANG_ENABLE_MODULES = YES;
				CLANG_ENABLE_OBJC_ARC = YES;
				CLANG_ENABLE_OBJC_WEAK = YES;
				CLANG_WARN_BLOCK_CAPTURE_AUTORELEASING = YES;
				CLANG_WARN_BOOL_CONVERSION = YES;
				CLANG_WARN_COMMA = YES;
				CLANG_WARN_CONSTANT_CONVERSION = YES;
				CLANG_WARN_DEPRECATED_OBJC_IMPLEMENTATIONS = YES;
				CLANG_WARN_DIRECT_OBJC_ISA_USAGE = YES_ERROR;
				CLANG_WARN_DOCUMENTATION_COMMENTS = YES;
				CLANG_WARN_EMPTY_BODY = YES;
				CLANG_WARN_ENUM_CONVERSION = YES;
				CLANG_WARN_INFINITE_RECURSION = YES;
				CLANG_WARN_INT_CONVERSION = YES;
				CLANG_WARN_NON_LITERAL_NULL_CONVERSION = YES;
				CLANG_WARN_OBJC_IMPLICIT_RETAIN_SELF = YES;
				CLANG_WARN_OBJC_LITERAL_CONVERSION = YES;
				CLANG_WARN_OBJC_ROOT_CLASS = YES_ERROR;
				CLANG_WARN_QUOTED_INCLUDE_IN_FRAMEWORK_HEADER = YES;
				CLANG_WARN_RANGE_LOOP_ANALYSIS = YES;
				CLANG_WARN_STRICT_PROTOTYPES = YES;
				CLANG_WARN_SUSPICIOUS_MOVE = YES;
				CLANG_WARN_UNGUARDED_AVAILABILITY = YES_AGGRESSIVE;
				CLANG_WARN_UNREACHABLE_CODE = YES;
				CLANG_WARN__DUPLICATE_METHOD_MATCH = YES;
				COPY_PHASE_STRIP = NO;
				DEBUG_INFORMATION_FORMAT = "dwarf-with-dsym";
				ENABLE_NS_ASSERTIONS = NO;
				ENABLE_STRICT_OBJC_MSGSEND = YES;
				GCC_C_LANGUAGE_STANDARD = gnu11;
				GCC_NO_COMMON_BLOCKS = YES;
				GCC_WARN_64_TO_32_BIT_CONVERSION = YES;
				GCC_WARN_ABOUT_RETURN_TYPE = YES_ERROR;
				GCC_WARN_UNDECLARED_SELECTOR = YES;
				GCC_WARN_UNINITIALIZED_AUTOS = YES_AGGRESSIVE;
				GCC_WARN_UNUSED_FUNCTION = YES;
				GCC_WARN_UNUSED_VARIABLE = YES;
				IPHONEOS_DEPLOYMENT_TARGET = 14.4;
				MTL_ENABLE_DEBUG_INFO = NO;
				MTL_FAST_MATH = YES;
				SDKROOT = iphoneos;
				SWIFT_COMPILATION_MODE = wholemodule;
				SWIFT_OPTIMIZATION_LEVEL = "-O";
				VALIDATE_PRODUCT = YES;
			};
			name = Release;
		};
		3E62118E2AFEB81600E80BD3 /* Debug */ = {
			isa = XCBuildConfiguration;
			buildSettings = {
				ASSETCATALOG_COMPILER_APPICON_NAME = AppIcon;
				ASSETCATALOG_COMPILER_GLOBAL_ACCENT_COLOR_NAME = AccentColor;
				CODE_SIGN_STYLE = Automatic;
				INFOPLIST_FILE = MoviesAPI/Info.plist;
				LD_RUNPATH_SEARCH_PATHS = (
					"$(inherited)",
					"@executable_path/Frameworks",
				);
				PRODUCT_BUNDLE_IDENTIFIER = com.tbcAcademy.MoviesAPI;
				PRODUCT_NAME = "$(TARGET_NAME)";
				SWIFT_VERSION = 5.0;
				TARGETED_DEVICE_FAMILY = 1;
			};
			name = Debug;
		};
		3E62118F2AFEB81600E80BD3 /* Release */ = {
			isa = XCBuildConfiguration;
			buildSettings = {
				ASSETCATALOG_COMPILER_APPICON_NAME = AppIcon;
				ASSETCATALOG_COMPILER_GLOBAL_ACCENT_COLOR_NAME = AccentColor;
				CODE_SIGN_STYLE = Automatic;
				INFOPLIST_FILE = MoviesAPI/Info.plist;
				LD_RUNPATH_SEARCH_PATHS = (
					"$(inherited)",
					"@executable_path/Frameworks",
				);
				PRODUCT_BUNDLE_IDENTIFIER = com.tbcAcademy.MoviesAPI;
				PRODUCT_NAME = "$(TARGET_NAME)";
				SWIFT_VERSION = 5.0;
				TARGETED_DEVICE_FAMILY = 1;
			};
			name = Release;
		};
/* End XCBuildConfiguration section */

/* Begin XCConfigurationList section */
		3E6211742AFEB80C00E80BD3 /* Build configuration list for PBXProject "MoviesAPI" */ = {
			isa = XCConfigurationList;
			buildConfigurations = (
				3E62118B2AFEB81600E80BD3 /* Debug */,
				3E62118C2AFEB81600E80BD3 /* Release */,
			);
			defaultConfigurationIsVisible = 0;
			defaultConfigurationName = Release;
		};
		3E62118D2AFEB81600E80BD3 /* Build configuration list for PBXNativeTarget "MoviesAPI" */ = {
			isa = XCConfigurationList;
			buildConfigurations = (
				3E62118E2AFEB81600E80BD3 /* Debug */,
				3E62118F2AFEB81600E80BD3 /* Release */,
			);
			defaultConfigurationIsVisible = 0;
			defaultConfigurationName = Release;
		};
/* End XCConfigurationList section */
	};
	rootObject = 3E6211712AFEB80C00E80BD3 /* Project object */;
}
